
Microsoft Visual Studio Solution File, Format Version 12.00
# Visual Studio Version 16
VisualStudioVersion = 16.0.28803.352
MinimumVisualStudioVersion = 10.0.40219.1
Project("{FAE04EC0-301F-11D3-BF4B-00C04F79EFBC}") = "IntegerData", "IntegerData\IntegerData.csproj", "{BECCEE64-62AB-4108-BC63-870922218DB2}"
EndProject
Global
	GlobalSection(SolutionConfigurationPlatforms) = preSolution
		Debug|Any CPU = Debug|Any CPU
		Release|Any CPU = Release|Any CPU
	EndGlobalSection
	GlobalSection(ProjectConfigurationPlatforms) = postSolution
		{BECCEE64-62AB-4108-BC63-870922218DB2}.Debug|Any CPU.ActiveCfg = Debug|Any CPU
		{BECCEE64-62AB-4108-BC63-870922218DB2}.Debug|Any CPU.Build.0 = Debug|Any CPU
		{BECCEE64-62AB-4108-BC63-870922218DB2}.Release|Any CPU.ActiveCfg = Release|Any CPU
		{BECCEE64-62AB-4108-BC63-870922218DB2}.Release|Any CPU.Build.0 = Release|Any CPU
	EndGlobalSection
	GlobalSection(SolutionProperties) = preSolution
		HideSolutionNode = FALSE
	EndGlobalSection
	GlobalSection(ExtensibilityGlobals) = postSolution
		SolutionGuid = {56BB713D-5608-49CF-9CC0-920452D1C19E}
	EndGlobalSection
EndGlobal
